version = 1
revision = 3
requires-python = ">=3.13"

[[package]]
name = "ruff"
version = "0.16.5"
source = { registry = "https://pypi.org/simple" }
sdist = { url = "https://files.pythonhosted.org/packages/f3/85/c8e12473c93018f92d19dd988a294202e1c27426c47ec4de53ffb847b8d8/ruff-0.16.5.tar.gz", hash = "sha256:1b88500f9ffbcab3dedb0082c9f9492e91ec3d618aac1236a3e0189938f7040b", size = 4912003, upload-time = "2026-08-27T16:34:18.258Z" }
wheels = [
    { url = "https://files.pythonhosted.org/packages/c6/b6/77c90a970fe2dae17a723acbd011043ea97c98d7deacccefdc4ba74ec512/ruff-0.16.5-py3-none-linux_armv6l.whl", hash = "sha256:12e5f673e774c35fbb62f288809c7653b73445f8ecec6b6063fd6ea3521aa14b", size = 10011941, upload-time = "2026-08-27T16:33:41.287Z" },
    { url = "https://files.pythonhosted.org/packages/4b/46/6cf67cf6411885a1d6f7f6d801682f155536a85176d10b605e2ceffed8bd/ruff-0.16.5-py3-none-macosx_10_12_x86_64.whl", hash = "sha256:eda58a5802de40e7ed5b32b64e0b32539338cc6fcd2c78f61e3ad6a0d79f51c3", size = 10204049, upload-time = "2026-08-27T16:33:44.056Z" },
    { url = "https://files.pythonhosted.org/packages/46/fd/c8720ca7a090abf0c2fef4abe8a5ef6e5127ed15196d8886ff75a2b370e2/ruff-0.16.5-py3-none-macosx_11_0_arm64.whl", hash = "sha256:c5ae9a7b9a8875131f40f8fe967cc86abf899779efd663cb7ce3d572d01da7eb", size = 9809037, upload-time = "2026-08-27T16:33:46.257Z" },
    { url = "https://files.pythonhosted.org/packages/43/45/a684caacdedaca180f52bacccc40bf0789d2c5a7c75f25324853e9eaedb5/ruff-0.16.5-py3-none-manylinux_2_17_aarch64.manylinux2014_aarch64.whl", hash = "sha256:7b719b0a1f4d59710d283ab2965f621684a108a9e41da622e3b23f0326cd0025", size = 9964129, upload-time = "2026-08-27T16:33:48.352Z" },
    { url = "https://files.pythonhosted.org/packages/9e/f2/5d2bcdaca6b5b93d1b4dfc166cd2aebf7680143a1b38a28759df13a94d31/ruff-0.16.5-py3-none-manylinux_2_17_armv7l.manylinux2014_armv7l.whl", hash = "sha256:2298f2780ed1be0c5cb1361e32ab7b1467f3cce7dabe101d2210a314f2fe42e9", size = 9821518, upload-time = "2026-08-27T16:33:50.57Z" },
    { url = "https://files.pythonhosted.org/packages/aa/ff/011cce29accf9257d5974145b733fc653a37985ed6825413a3987cefbfe0/ruff-0.16.5-py3-none-manylinux_2_17_i686.manylinux2014_i686.whl", hash = "sha256:258f29035a2dd021e7861e631b227a5b3f14e50c1184c9a6a122c5f4576154d7", size = 10534835, upload-time = "2026-08-27T16:33:52.522Z" },
    { url = "https://files.pythonhosted.org/packages/d7/5a/f0cf109bada9bba0e96c90c21c9f9251803f57225c32d293327a03c710d6/ruff-0.16.5-py3-none-manylinux_2_17_ppc64le.manylinux2014_ppc64le.whl", hash = "sha256:b9a4f0432966834019c74d1b7e5c51224305d7713f3d7faf3e7451f1a3be3cde", size = 11252550, upload-time = "2026-08-27T16:33:54.521Z" },
    { url = "https://files.pythonhosted.org/packages/63/4d/1d481aaea2046c6a7ed7c291f9004c669cce3c087b6b376ed5b08271e3fe/ruff-0.16.5-py3-none-manylinux_2_17_s390x.manylinux2014_s390x.whl", hash = "sha256:b5eb3a8c3d0ade9cea42b591fd530368e8798380e30e0a308b85a5cf718f09ea", size = 10777949, upload-time = "2026-08-27T16:33:56.88Z" },
    { url = "https://files.pythonhosted.org/packages/ee/34/ee245ca55f64443233034b3d02b03236b19242004281247c079390b7facd/ruff-0.16.5-py3-none-manylinux_2_17_x86_64.manylinux2014_x86_64.whl", hash = "sha256:ef0f69e191a13a3c9816f63163c88790cb12cd157bbbb384e9c44745702ab105", size = 10311656, upload-time = "2026-08-27T16:33:59.12Z" },
    { url = "https://files.pythonhosted.org/packages/a7/4d/c33a333e341c0a2b96c715b52d89a606f5a34cd4ac493cd9b8d0187186b8/ruff-0.16.5-py3-none-manylinux_2_31_riscv64.whl", hash = "sha256:0eeab41fbea2c42f98dfb9822cdccda9d24ba38d49f6dc945b5c236d48f0ef29", size = 10532125, upload-time = "2026-08-27T16:34:01.166Z" },
    { url = "https://files.pythonhosted.org/packages/30/e1/a64cef78b40192497bb98a27a8aa8f2c98ee9ee15bc97f7712d94ef32937/ruff-0.16.5-py3-none-musllinux_1_2_aarch64.whl", hash = "sha256:f0768e9df4300713fff30733c87575f68b6f1d8de41184e505b7fdd9c0c95eaf", size = 10097648, upload-time = "2026-08-27T16:34:03.16Z" },
    { url = "https://files.pythonhosted.org/packages/cc/4e/4cdc9ed3c3e109d2f71e62572a37457298d7bc7501ec3138babb7ed32bbd/ruff-0.16.5-py3-none-musllinux_1_2_armv7l.whl", hash = "sha256:95cc70cdc7aa80c338de356279d2adbeb2de0f520b9ecd8aba75b94e95e02f91", size = 9829344, upload-time = "2026-08-27T16:34:05.134Z" },
    { url = "https://files.pythonhosted.org/packages/39/4a/31ed35ce31729955fc583ee0d176d6e784c1290cb0b0a75cb2134c1ab72a/ruff-0.16.5-py3-none-musllinux_1_2_i686.whl", hash = "sha256:d185c8398ded1bfd91c0c2cb258346307571eccc473a8490af8c3977399c384a", size = 10277117, upload-time = "2026-08-27T16:34:07.425Z" },
    { url = "https://files.pythonhosted.org/packages/a8/a0/60356d86687b4b666d593df213f4dc3041750d024cb7bf2cfa81cfd65c2e/ruff-0.16.5-py3-none-musllinux_1_2_x86_64.whl", hash = "sha256:fb8e3a3c4c6a784150a7ced53b015f4b253fc2bf97a610886419ead64b4756ef", size = 10711653, upload-time = "2026-08-27T16:34:09.712Z" },
    { url = "https://files.pythonhosted.org/packages/ed/20/656d67f5b25ca9bda4e02b1de25867b2954e1d19e03648060f167ad0f4cc/ruff-0.16.5-py3-none-win32.whl", hash = "sha256:288b0a5f080492fe5635db849f9e2e84aa3cce7b7f0e955997d416c507c76a26", size = 10034250, upload-time = "2026-08-27T16:34:11.8Z" },
    { url = "https://files.pythonhosted.org/packages/5b/42/ee8e68a207b9127fcde6c3d7e197def432f346cb1af159e1fa14ca0d1cdc/ruff-0.16.5-py3-none-win_amd64.whl", hash = "sha256:ddc6385fb2137f616357ca03d6c74f4be987f80fed4008566b754f6032b8546f", size = 10516714, upload-time = "2026-08-27T16:34:13.963Z" },
    { url = "https://files.pythonhosted.org/packages/73/e3/7df5a396e445b9ba49ce9a9437439a4d80042c61c0ade199abf8d16de1ac/ruff-0.16.5-py3-none-win_arm64.whl", hash = "sha256:a64abe90968719b851bb7cedffaa8753fbdbdadab483089682db623f3edc587e", size = 10391564, upload-time = "2026-08-27T16:34:16.064Z" },
]

[[package]]
name = "rw-rate-all"
version = "2024.1"
source = { virtual = "." }

[package.dev-dependencies]
dev = [
    { name = "ruff" },
    { name = "ty" },
]

[package.metadata]

[package.metadata.requires-dev]
dev = [
    { name = "ruff", specifier = ">=0.15.20" },
    { name = "ty", specifier = ">=0.0.55" },
]

[[package]]
name = "ty"
version = "0.0.55"
source = { registry = "https://pypi.org/simple" }
sdist = { url = "https://files.pythonhosted.org/packages/08/48/f687c8d268e3581f2f104d1f2ac5944d5b5e841b3695c613b3f263e5bbf7/ty-0.0.55.tar.gz", hash = "sha256:88ca87073825a79a8327c550efcc86cec94344890244c5946f84c9e44a969f31", size = 6040230, upload-time = "2026-06-27T00:27:29.385Z" }
wheels = [
    { url = "https://files.pythonhosted.org/packages/87/a3/1a90ba7e5a61c6d09adb92346ddba97668095fc257b577af433e5ac4f404/ty-0.0.55-py3-none-linux_armv6l.whl", hash = "sha256:31e83eef512d066542fe990fe1a3b814423abd1616376c54e48af7045b3e1749", size = 11677249, upload-time = "2026-06-27T00:26:52.18Z" },
    { url = "https://files.pythonhosted.org/packages/82/3a/669f9aa478c38243e213a2684db1502086026cfadc15bb1b29b7cbde030d/ty-0.0.55-py3-none-macosx_10_12_x86_64.whl", hash = "sha256:ab4bca857950608fea73e269e2da369d43e6467131de85160d68e2fa466fa248", size = 11444180, upload-time = "2026-06-27T00:26:54.576Z" },
    { url = "https://files.pythonhosted.org/packages/15/a4/6a4b2507a53ce6530c66c5b4fe0d58551eb1748ffa9e0696c32fdd55bbd4/ty-0.0.55-py3-none-macosx_11_0_arm64.whl", hash = "sha256:55032bfd31bf2c5355ee81bdc6407b144a1cc7ee41e5681dd1368e4cef2ba327", size = 10963134, upload-time = "2026-06-27T00:26:57.348Z" },
    { url = "https://files.pythonhosted.org/packages/ce/ae/a3b1a0f1cc83b7d258662cb98aa80a720c2e671d0e8fa0d17a4d5d057a7a/ty-0.0.55-py3-none-manylinux_2_17_aarch64.manylinux2014_aarch64.whl", hash = "sha256:ef1e049f69ce65b3c269af67624607f435e1c32319786c1e453ef9611502f295", size = 11493517, upload-time = "2026-06-27T00:26:59.26Z" },
    { url = "https://files.pythonhosted.org/packages/0d/9f/311ce39065a979ef40a9b847f685c8e02464e53adf1671e081eea90640ca/ty-0.0.55-py3-none-manylinux_2_17_armv7l.manylinux2014_armv7l.whl", hash = "sha256:631409975c681d5a280fc5a99b7b32e9e801f33be7567c6b42ec331362f59d7d", size = 11460590, upload-time = "2026-06-27T00:27:01.425Z" },
    { url = "https://files.pythonhosted.org/packages/cd/8f/3bf29aa77bd78aae48275153135a2052fa7d3ccdf1ecabeb99c8773abd66/ty-0.0.55-py3-none-manylinux_2_17_i686.manylinux2014_i686.whl", hash = "sha256:e08cb0436e68b9351555ae8f2697138c9009b4d5b4ae4272232988b2a431a98f", size = 12098430, upload-time = "2026-06-27T00:27:03.596Z" },
    { url = "https://files.pythonhosted.org/packages/bc/6e/e88411a88240b94640bba06fb6d0d92b247fbeef47ee2bc71f39e58c2558/ty-0.0.55-py3-none-manylinux_2_17_ppc64le.manylinux2014_ppc64le.whl", hash = "sha256:16c215ad9f823829409b94ee188cfaa4563f6e1384f6ce3fecb1db75f6c7cf7c", size = 12673086, upload-time = "2026-06-27T00:27:05.589Z" },
    { url = "https://files.pythonhosted.org/packages/6c/7e/8f1762fb7f9245a68ba5ae338d73c59403ce57554e5d311b8bb55027b0ec/ty-0.0.55-py3-none-manylinux_2_17_s390x.manylinux2014_s390x.whl", hash = "sha256:b510eb8f4032baf11b7aee2f1d53babc3b4ca03939b9cdcf6a9d15761d575188", size = 12242559, upload-time = "2026-06-27T00:27:07.714Z" },
    { url = "https://files.pythonhosted.org/packages/72/1f/143657daf2670d977dac83435f1fe03d4843efb798d8e1e75950e541aadd/ty-0.0.55-py3-none-manylinux_2_17_x86_64.manylinux2014_x86_64.whl", hash = "sha256:0ddc05e7959709c3b9b83aa627128a80446865e3c1a4882638dcff6d776dc34a", size = 12021409, upload-time = "2026-06-27T00:27:09.881Z" },
    { url = "https://files.pythonhosted.org/packages/6d/30/69487c439dd1fad3a4a3d96f0a472193de297eaba6fc4b8ea687ce434ac2/ty-0.0.55-py3-none-manylinux_2_31_riscv64.whl", hash = "sha256:636e8e5078787b8c6916c94e1406719f10189a4ca6b37b813a5922ce5857a8c7", size = 12303807, upload-time = "2026-06-27T00:27:11.986Z" },
    { url = "https://files.pythonhosted.org/packages/e8/ca/cd88b6493dafc7db077f5e17c0438eb3af6e2d6d08f616dbb52a8ddfd567/ty-0.0.55-py3-none-musllinux_1_2_aarch64.whl", hash = "sha256:ef7d6deaacb73fec603666b5471f1dc5a5699aa84e11a6d4d644dd07ca72121e", size = 11441263, upload-time = "2026-06-27T00:27:14.087Z" },
    { url = "https://files.pythonhosted.org/packages/aa/fe/66b6915671653ab739f71e4f1b0528e69da64429b7ebf3840c625b6e43f2/ty-0.0.55-py3-none-musllinux_1_2_armv7l.whl", hash = "sha256:9aeea0fe5875d3cf37faf0e44d0fdf9669335467749741b8fc0103916fb5cd32", size = 11484584, upload-time = "2026-06-27T00:27:16.311Z" },
    { url = "https://files.pythonhosted.org/packages/4a/4f/7a9c0bbac8b899e9f6c0ec110c6612f52e4db35f6bb17ddc0ef60384fa3e/ty-0.0.55-py3-none-musllinux_1_2_i686.whl", hash = "sha256:0b699c01310dbd2705a07c97c5f4aaeedef61bd9adeea2e7c46aed32401d3576", size = 11759309, upload-time = "2026-06-27T00:27:18.471Z" },
    { url = "https://files.pythonhosted.org/packages/ca/de/b6f8b1b69aa631b5716ef3f985c3b56de0e46c2499cc00d30c402b41f714/ty-0.0.55-py3-none-musllinux_1_2_x86_64.whl", hash = "sha256:32cbeba543e46de2a983ec6d525d8b56514f7422bd1e1b57c44ccf7bfa72c38a", size = 12128755, upload-time = "2026-06-27T00:27:20.55Z" },
    { url = "https://files.pythonhosted.org/packages/7d/90/a912531e51ee7e076b42972479290fa687c0f5e747b7e773f3033164acaa/ty-0.0.55-py3-none-win32.whl", hash = "sha256:52b968e24eb4f7a5c3bd251db1f99f60dd385890356d38fc619d84f1b423446a", size = 11117501, upload-time = "2026-06-27T00:27:22.714Z" },
    { url = "https://files.pythonhosted.org/packages/4c/7a/99d59843bf8908a7f9f4d13fda107dbad07b7faa28ecd7860eacf363fb1c/ty-0.0.55-py3-none-win_amd64.whl", hash = "sha256:bf39cbfdc0add44d94bd3fff1f53c351418d134b6a66b87efdb7876d7b7a2224", size = 12150106, upload-time = "2026-06-27T00:27:24.881Z" },
    { url = "https://files.pythonhosted.org/packages/b3/44/20987505cedf2a865b08482f0eabc181fd9599b062964057ec8a128a4296/ty-0.0.55-py3-none-win_arm64.whl", hash = "sha256:f7f3700a9a060e8f1af11e4fb63fafcaf272b041781f4ccdfda2b3b5c6c1e439", size = 11560157, upload-time = "2026-06-27T00:27:27.332Z" },
]
