version = 1
revision = 3
requires-python = ">=3.13"

[[package]]
name = "ruff"
version = "0.14.9"
source = { registry = "https://pypi.org/simple" }
sdist = { url = "https://files.pythonhosted.org/packages/f6/1b/ab712a9d5044435be8e9a2beb17cbfa4c241aa9b5e4413febac2a8b79ef2/ruff-0.14.9.tar.gz", hash = "sha256:35f85b25dd586381c0cc053f48826109384c81c00ad7ef1bd977bfcc28119d5b", size = 5809165, upload-time = "2025-12-11T21:39:47.381Z" }
wheels = [
    { url = "https://files.pythonhosted.org/packages/b8/1c/d1b1bba22cffec02351c78ab9ed4f7d7391876e12720298448b29b7229c1/ruff-0.14.9-py3-none-linux_armv6l.whl", hash = "sha256:f1ec5de1ce150ca6e43691f4a9ef5c04574ad9ca35c8b3b0e18877314aba7e75", size = 13576541, upload-time = "2025-12-11T21:39:14.806Z" },
    { url = "https://files.pythonhosted.org/packages/94/ab/ffe580e6ea1fca67f6337b0af59fc7e683344a43642d2d55d251ff83ceae/ruff-0.14.9-py3-none-macosx_10_12_x86_64.whl", hash = "sha256:ed9d7417a299fc6030b4f26333bf1117ed82a61ea91238558c0268c14e00d0c2", size = 13779363, upload-time = "2025-12-11T21:39:20.29Z" },
    { url = "https://files.pythonhosted.org/packages/7d/f8/2be49047f929d6965401855461e697ab185e1a6a683d914c5c19c7962d9e/ruff-0.14.9-py3-none-macosx_11_0_arm64.whl", hash = "sha256:d5dc3473c3f0e4a1008d0ef1d75cee24a48e254c8bed3a7afdd2b4392657ed2c", size = 12925292, upload-time = "2025-12-11T21:39:38.757Z" },
    { url = "https://files.pythonhosted.org/packages/9e/e9/08840ff5127916bb989c86f18924fd568938b06f58b60e206176f327c0fe/ruff-0.14.9-py3-none-manylinux_2_17_aarch64.manylinux2014_aarch64.whl", hash = "sha256:84bf7c698fc8f3cb8278830fb6b5a47f9bcc1ed8cb4f689b9dd02698fa840697", size = 13362894, upload-time = "2025-12-11T21:39:02.524Z" },
    { url = "https://files.pythonhosted.org/packages/31/1c/5b4e8e7750613ef43390bb58658eaf1d862c0cc3352d139cd718a2cea164/ruff-0.14.9-py3-none-manylinux_2_17_armv7l.manylinux2014_armv7l.whl", hash = "sha256:aa733093d1f9d88a5d98988d8834ef5d6f9828d03743bf5e338bf980a19fce27", size = 13311482, upload-time = "2025-12-11T21:39:17.51Z" },
    { url = "https://files.pythonhosted.org/packages/5b/3a/459dce7a8cb35ba1ea3e9c88f19077667a7977234f3b5ab197fad240b404/ruff-0.14.9-py3-none-manylinux_2_17_i686.manylinux2014_i686.whl", hash = "sha256:6a1cfb04eda979b20c8c19550c8b5f498df64ff8da151283311ce3199e8b3648", size = 14016100, upload-time = "2025-12-11T21:39:41.948Z" },
    { url = "https://files.pythonhosted.org/packages/a6/31/f064f4ec32524f9956a0890fc6a944e5cf06c63c554e39957d208c0ffc45/ruff-0.14.9-py3-none-manylinux_2_17_ppc64.manylinux2014_ppc64.whl", hash = "sha256:1e5cb521e5ccf0008bd74d5595a4580313844a42b9103b7388eca5a12c970743", size = 15477729, upload-time = "2025-12-11T21:39:23.279Z" },
    { url = "https://files.pythonhosted.org/packages/7a/6d/f364252aad36ccd443494bc5f02e41bf677f964b58902a17c0b16c53d890/ruff-0.14.9-py3-none-manylinux_2_17_ppc64le.manylinux2014_ppc64le.whl", hash = "sha256:cd429a8926be6bba4befa8cdcf3f4dd2591c413ea5066b1e99155ed245ae42bb", size = 15122386, upload-time = "2025-12-11T21:39:33.125Z" },
    { url = "https://files.pythonhosted.org/packages/20/02/e848787912d16209aba2799a4d5a1775660b6a3d0ab3944a4ccc13e64a02/ruff-0.14.9-py3-none-manylinux_2_17_s390x.manylinux2014_s390x.whl", hash = "sha256:ab208c1b7a492e37caeaf290b1378148f75e13c2225af5d44628b95fd7834273", size = 14497124, upload-time = "2025-12-11T21:38:59.33Z" },
    { url = "https://files.pythonhosted.org/packages/f3/51/0489a6a5595b7760b5dbac0dd82852b510326e7d88d51dbffcd2e07e3ff3/ruff-0.14.9-py3-none-manylinux_2_17_x86_64.manylinux2014_x86_64.whl", hash = "sha256:72034534e5b11e8a593f517b2f2f2b273eb68a30978c6a2d40473ad0aaa4cb4a", size = 14195343, upload-time = "2025-12-11T21:39:44.866Z" },
    { url = "https://files.pythonhosted.org/packages/f6/53/3bb8d2fa73e4c2f80acc65213ee0830fa0c49c6479313f7a68a00f39e208/ruff-0.14.9-py3-none-manylinux_2_31_riscv64.whl", hash = "sha256:712ff04f44663f1b90a1195f51525836e3413c8a773574a7b7775554269c30ed", size = 14346425, upload-time = "2025-12-11T21:39:05.927Z" },
    { url = "https://files.pythonhosted.org/packages/ad/04/bdb1d0ab876372da3e983896481760867fc84f969c5c09d428e8f01b557f/ruff-0.14.9-py3-none-musllinux_1_2_aarch64.whl", hash = "sha256:a111fee1db6f1d5d5810245295527cda1d367c5aa8f42e0fca9a78ede9b4498b", size = 13258768, upload-time = "2025-12-11T21:39:08.691Z" },
    { url = "https://files.pythonhosted.org/packages/40/d9/8bf8e1e41a311afd2abc8ad12be1b6c6c8b925506d9069b67bb5e9a04af3/ruff-0.14.9-py3-none-musllinux_1_2_armv7l.whl", hash = "sha256:8769efc71558fecc25eb295ddec7d1030d41a51e9dcf127cbd63ec517f22d567", size = 13326939, upload-time = "2025-12-11T21:39:53.842Z" },
    { url = "https://files.pythonhosted.org/packages/f4/56/a213fa9edb6dd849f1cfbc236206ead10913693c72a67fb7ddc1833bf95d/ruff-0.14.9-py3-none-musllinux_1_2_i686.whl", hash = "sha256:347e3bf16197e8a2de17940cd75fd6491e25c0aa7edf7d61aa03f146a1aa885a", size = 13578888, upload-time = "2025-12-11T21:39:35.988Z" },
    { url = "https://files.pythonhosted.org/packages/33/09/6a4a67ffa4abae6bf44c972a4521337ffce9cbc7808faadede754ef7a79c/ruff-0.14.9-py3-none-musllinux_1_2_x86_64.whl", hash = "sha256:7715d14e5bccf5b660f54516558aa94781d3eb0838f8e706fb60e3ff6eff03a8", size = 14314473, upload-time = "2025-12-11T21:39:50.78Z" },
    { url = "https://files.pythonhosted.org/packages/12/0d/15cc82da5d83f27a3c6b04f3a232d61bc8c50d38a6cd8da79228e5f8b8d6/ruff-0.14.9-py3-none-win32.whl", hash = "sha256:df0937f30aaabe83da172adaf8937003ff28172f59ca9f17883b4213783df197", size = 13202651, upload-time = "2025-12-11T21:39:26.628Z" },
    { url = "https://files.pythonhosted.org/packages/32/f7/c78b060388eefe0304d9d42e68fab8cffd049128ec466456cef9b8d4f06f/ruff-0.14.9-py3-none-win_amd64.whl", hash = "sha256:c0b53a10e61df15a42ed711ec0bda0c582039cf6c754c49c020084c55b5b0bc2", size = 14702079, upload-time = "2025-12-11T21:39:11.954Z" },
    { url = "https://files.pythonhosted.org/packages/26/09/7a9520315decd2334afa65ed258fed438f070e31f05a2e43dd480a5e5911/ruff-0.14.9-py3-none-win_arm64.whl", hash = "sha256:8e821c366517a074046d92f0e9213ed1c13dbc5b37a7fc20b07f79b64d62cc84", size = 13744730, upload-time = "2025-12-11T21:39:29.659Z" },
]

[[package]]
name = "rw-rate-all"
version = "2024.1"
source = { virtual = "." }

[package.dev-dependencies]
dev = [
    { name = "ruff" },
    { name = "ty" },
]

[package.metadata]

[package.metadata.requires-dev]
dev = [
    { name = "ruff", specifier = ">=0.14.8" },
    { name = "ty", specifier = ">=0.0.1a33" },
]

[[package]]
name = "ty"
version = "0.0.1a33"
source = { registry = "https://pypi.org/simple" }
sdist = { url = "https://files.pythonhosted.org/packages/60/34/82f76e63277f0a6585ea48a8d373cfee417a73755daa078250af65421c77/ty-0.0.1a33.tar.gz", hash = "sha256:1db139aa7cbc9879e93146c99bf5f1f5273ca608683f71b3a9a75f9f812b729f", size = 4704365, upload-time = "2025-12-09T22:35:19.424Z" }
wheels = [
    { url = "https://files.pythonhosted.org/packages/99/4c/4aec80e452268432f60f17da3840ffd6fef46394300808d0af32766dc989/ty-0.0.1a33-py3-none-linux_armv6l.whl", hash = "sha256:2126e6b62a50dc807d45f56629668861bac95944c77b4b6b6dc13f629d5a5a7e", size = 9674171, upload-time = "2025-12-09T22:34:59.757Z" },
    { url = "https://files.pythonhosted.org/packages/fe/71/ad51a14e00aa0d7e57533f2a68f0865b240bd197c36b87ddab1dd12a1cdd/ty-0.0.1a33-py3-none-macosx_10_12_x86_64.whl", hash = "sha256:f171a278a242b06c2f99327dacfa9c7f2d0328140f2976a46ca46e18cde2d6e3", size = 9466420, upload-time = "2025-12-09T22:34:54.884Z" },
    { url = "https://files.pythonhosted.org/packages/79/fa/72bf596a977e5d5343893bb1eb4092fdd0f22ed8c0f11427cc2201225bdb/ty-0.0.1a33-py3-none-macosx_11_0_arm64.whl", hash = "sha256:7b4249f030d24deeae7b25949d33832b4a25b5c893d679b32df1042584b9091f", size = 9009208, upload-time = "2025-12-09T22:35:27.871Z" },
    { url = "https://files.pythonhosted.org/packages/c4/0d/0e20c21e4473a6ea7109c252f6c6bbc41f895b18307e507d6c12a636e6b6/ty-0.0.1a33-py3-none-manylinux_2_17_aarch64.manylinux2014_aarch64.whl", hash = "sha256:176f56fc7a6ea176b36d397c42b35efebb441f1fa42524a010579d7019ca8b67", size = 9280560, upload-time = "2025-12-09T22:35:24.258Z" },
    { url = "https://files.pythonhosted.org/packages/6e/dd/627a0a3e2a270b7200c5f92cb01382a3f9ac4f072abf5e7eb3be8f2f4267/ty-0.0.1a33-py3-none-manylinux_2_17_armv7l.manylinux2014_armv7l.whl", hash = "sha256:8ace2379e9c915c4c6d4dfd3737b290ebe2b008c20031233f4a6e9df0758f427", size = 9457161, upload-time = "2025-12-09T22:35:02.394Z" },
    { url = "https://files.pythonhosted.org/packages/ad/5a/974a48b39c885a17471c3f0847165567a77f05beef3b2573984b9b722378/ty-0.0.1a33-py3-none-manylinux_2_17_i686.manylinux2014_i686.whl", hash = "sha256:4341a1daa7857b4de3a68658bad7aaa85577a82448182af2c6b412da02b19c14", size = 9873399, upload-time = "2025-12-09T22:34:49.919Z" },
    { url = "https://files.pythonhosted.org/packages/04/0e/8c09a95b91e3ba0d75a6cea69b06b0a070f085de7dd2aabf86d999175f29/ty-0.0.1a33-py3-none-manylinux_2_17_ppc64.manylinux2014_ppc64.whl", hash = "sha256:42c45b50b242af5868198131569d9f4ea37f83212a72494b2553e60f385874cc", size = 10487274, upload-time = "2025-12-09T22:34:52.579Z" },
    { url = "https://files.pythonhosted.org/packages/56/37/8d6e898ecf85f67a9bfaaff9c5194d9eaf4d826363a7dab27460eb2d630c/ty-0.0.1a33-py3-none-manylinux_2_17_ppc64le.manylinux2014_ppc64le.whl", hash = "sha256:229b8d927d7815ba4af0b45f1a97766813b62ee97599199900b8ccc1be911284", size = 10244389, upload-time = "2025-12-09T22:35:09.667Z" },
    { url = "https://files.pythonhosted.org/packages/e2/c4/f98a35b12b552d28feb4157334484aa5f472c30944418e23b4a49fad2e40/ty-0.0.1a33-py3-none-manylinux_2_17_s390x.manylinux2014_s390x.whl", hash = "sha256:5018ac5b64865d416b098246da38d2809fdc69e9d86b4e1cf94266e102e7c77f", size = 10224857, upload-time = "2025-12-09T22:35:04.661Z" },
    { url = "https://files.pythonhosted.org/packages/3b/5d/fffb85c5fd7bdffcef212f514b439f229ecaee14e9bf7c199a625819c502/ty-0.0.1a33-py3-none-manylinux_2_17_x86_64.manylinux2014_x86_64.whl", hash = "sha256:2cd6d6304302ad28e0412d80118a5f63d01af37d3cb39abf33856d348c0819e1", size = 9792377, upload-time = "2025-12-09T22:34:44.634Z" },
    { url = "https://files.pythonhosted.org/packages/6e/ea/0664b0e4a2c286bd880be47121c781befad8077e15cd8a50b9b1f51b8676/ty-0.0.1a33-py3-none-musllinux_1_2_aarch64.whl", hash = "sha256:38b75adc050d26a88bbf85d55a4f7633216e455b76e9ee21d6f38640aa040d73", size = 9262018, upload-time = "2025-12-09T22:34:47.274Z" },
    { url = "https://files.pythonhosted.org/packages/89/dd/3d99564d7e649326c98c72b863f0aad771abfc75140413e7b70559ae4850/ty-0.0.1a33-py3-none-musllinux_1_2_armv7l.whl", hash = "sha256:efabd881d5b00058c3945b08abbe853b19c93cd0c7148bbcfd27c5d9e6c738f3", size = 9494056, upload-time = "2025-12-09T22:35:21.967Z" },
    { url = "https://files.pythonhosted.org/packages/49/9b/3471118edc5f945e2589c66c27e71b5d9a9efe21c82ced03ea698dbe9a19/ty-0.0.1a33-py3-none-musllinux_1_2_i686.whl", hash = "sha256:ca3b8f84fe661bfb60d1e7665e54dd9c6c84769bff117b00e76ef537473cc59c", size = 9623498, upload-time = "2025-12-09T22:35:07.072Z" },
    { url = "https://files.pythonhosted.org/packages/b8/6d/12dcb22b015a4d3e677f394ab7dc80307f2b59f898ea785ea6bfcef8cffa/ty-0.0.1a33-py3-none-musllinux_1_2_x86_64.whl", hash = "sha256:f46ae07e353a54512b64b590eae4d82eb22c3a5f5947cea04f950dc1993f64f1", size = 9904193, upload-time = "2025-12-09T22:34:57.106Z" },
    { url = "https://files.pythonhosted.org/packages/c2/e8/628063386fda2f9182089bfe0c8a27ede0c1a120bef74294008468cd2d7d/ty-0.0.1a33-py3-none-win32.whl", hash = "sha256:9020b8be11a184bbe26d07b1a8f0b2e3b75302b08b98b4b1fb6d5d2d03e64aca", size = 9095241, upload-time = "2025-12-09T22:35:14.475Z" },
    { url = "https://files.pythonhosted.org/packages/e0/fe/8ad29c47c9499132849cd5401f67c6bdd2912be8dcb298e774b4f39e1cce/ty-0.0.1a33-py3-none-win_amd64.whl", hash = "sha256:553b5281d424c69389508a60dfd8af8e3014529ca6856dfed1f231020bc58d09", size = 9948007, upload-time = "2025-12-09T22:35:17.043Z" },
    { url = "https://files.pythonhosted.org/packages/2f/fc/1825f1f8c77d4d8fe75543882d9ad5934e568aa807e1a4cb7e999f701750/ty-0.0.1a33-py3-none-win_arm64.whl", hash = "sha256:d9937e9ddc7b383c6b1ab3065982fb2b8d0a2884ae5bd7b542e4208a807e326e", size = 9471473, upload-time = "2025-12-09T22:35:12.105Z" },
]
